
Microsoft Visual Studio Solution File, Format Version 12.00
# Visual Studio Version 17
VisualStudioVersion = 17.2.32516.85
MinimumVisualStudioVersion = 10.0.40219.1
Project("{FAE04EC0-301F-11D3-BF4B-00C04F79EFBC}") = "Tarea4", "Tarea4.csproj", "{5E9ADD92-4811-4368-B261-B106075F101D}"
EndProject
Global
	GlobalSection(SolutionConfigurationPlatforms) = preSolution
		Debug|Any CPU = Debug|Any CPU
		Release|Any CPU = Release|Any CPU
	EndGlobalSection
	GlobalSection(ProjectConfigurationPlatforms) = postSolution
		{5E9ADD92-4811-4368-B261-B106075F101D}.Debug|Any CPU.ActiveCfg = Debug|Any CPU
		{5E9ADD92-4811-4368-B261-B106075F101D}.Debug|Any CPU.Build.0 = Debug|Any CPU
		{5E9ADD92-4811-4368-B261-B106075F101D}.Release|Any CPU.ActiveCfg = Release|Any CPU
		{5E9ADD92-4811-4368-B261-B106075F101D}.Release|Any CPU.Build.0 = Release|Any CPU
	EndGlobalSection
	GlobalSection(SolutionProperties) = preSolution
		HideSolutionNode = FALSE
	EndGlobalSection
	GlobalSection(ExtensibilityGlobals) = postSolution
		SolutionGuid = {2DCBF8FA-C0EC-4EA7-9C0A-0C1D4436DD91}
	EndGlobalSection
EndGlobal
